
Microsoft Visual Studio Solution File, Format Version 12.00
# Visual Studio Version 17
VisualStudioVersion = 17.4.33205.214
MinimumVisualStudioVersion = 10.0.40219.1
Project("{9A19103F-16F7-4668-BE54-9A1E7A4F7556}") = "Bluehill.Features", "Bluehill.Features\Bluehill.Features.csproj", "{D9FDD3CA-9AF2-4344-997F-C778EA4C26D5}"
EndProject
Global
	GlobalSection(SolutionConfigurationPlatforms) = preSolution
		Debug|Any CPU = Debug|Any CPU
		Release|Any CPU = Release|Any CPU
	EndGlobalSection
	GlobalSection(ProjectConfigurationPlatforms) = postSolution
		{D9FDD3CA-9AF2-4344-997F-C778EA4C26D5}.Debug|Any CPU.ActiveCfg = Debug|Any CPU
		{D9FDD3CA-9AF2-4344-997F-C778EA4C26D5}.Debug|Any CPU.Build.0 = Debug|Any CPU
		{D9FDD3CA-9AF2-4344-997F-C778EA4C26D5}.Release|Any CPU.ActiveCfg = Release|Any CPU
		{D9FDD3CA-9AF2-4344-997F-C778EA4C26D5}.Release|Any CPU.Build.0 = Release|Any CPU
	EndGlobalSection
	GlobalSection(SolutionProperties) = preSolution
		HideSolutionNode = FALSE
	EndGlobalSection
	GlobalSection(ExtensibilityGlobals) = postSolution
		SolutionGuid = {D50EB6D9-6ECE-4D68-90B9-BEE71DAE4DED}
	EndGlobalSection
EndGlobal
