
Microsoft Visual Studio Solution File, Format Version 12.00
# Visual Studio Version 17
VisualStudioVersion = 17.0.31903.59
MinimumVisualStudioVersion = 10.0.40219.1
Project("{FAE04EC0-301F-11D3-BF4B-00C04F79EFBC}") = "Bluehill.Features", "Bluehill.Features\Bluehill.Features.csproj", "{1E21F145-4290-4DF3-A867-0F476EC5C495}"
EndProject
Project("{FAE04EC0-301F-11D3-BF4B-00C04F79EFBC}") = "Bluehill.Forms", "Bluehill.Forms\Bluehill.Forms.csproj", "{AFCFBA50-196B-41A9-9820-38D95107C21F}"
EndProject
Project("{FAE04EC0-301F-11D3-BF4B-00C04F79EFBC}") = "Bluehill.Wpf", "Bluehill.Wpf\Bluehill.Wpf.csproj", "{44DBEA7E-67B3-4517-8A99-A48C3740A869}"
EndProject
Global
	GlobalSection(SolutionConfigurationPlatforms) = preSolution
		Debug|Any CPU = Debug|Any CPU
		Release|Any CPU = Release|Any CPU
	EndGlobalSection
	GlobalSection(SolutionProperties) = preSolution
		HideSolutionNode = FALSE
	EndGlobalSection
	GlobalSection(ProjectConfigurationPlatforms) = postSolution
		{1E21F145-4290-4DF3-A867-0F476EC5C495}.Debug|Any CPU.ActiveCfg = Debug|Any CPU
		{1E21F145-4290-4DF3-A867-0F476EC5C495}.Debug|Any CPU.Build.0 = Debug|Any CPU
		{1E21F145-4290-4DF3-A867-0F476EC5C495}.Release|Any CPU.ActiveCfg = Release|Any CPU
		{1E21F145-4290-4DF3-A867-0F476EC5C495}.Release|Any CPU.Build.0 = Release|Any CPU
		{AFCFBA50-196B-41A9-9820-38D95107C21F}.Debug|Any CPU.ActiveCfg = Debug|Any CPU
		{AFCFBA50-196B-41A9-9820-38D95107C21F}.Debug|Any CPU.Build.0 = Debug|Any CPU
		{AFCFBA50-196B-41A9-9820-38D95107C21F}.Release|Any CPU.ActiveCfg = Release|Any CPU
		{AFCFBA50-196B-41A9-9820-38D95107C21F}.Release|Any CPU.Build.0 = Release|Any CPU
		{44DBEA7E-67B3-4517-8A99-A48C3740A869}.Debug|Any CPU.ActiveCfg = Debug|Any CPU
		{44DBEA7E-67B3-4517-8A99-A48C3740A869}.Debug|Any CPU.Build.0 = Debug|Any CPU
		{44DBEA7E-67B3-4517-8A99-A48C3740A869}.Release|Any CPU.ActiveCfg = Release|Any CPU
		{44DBEA7E-67B3-4517-8A99-A48C3740A869}.Release|Any CPU.Build.0 = Release|Any CPU
	EndGlobalSection
EndGlobal
